
Microsoft Visual Studio Solution File, Format Version 12.00
# Visual Studio Version 16
VisualStudioVersion = 16.0.30503.244
MinimumVisualStudioVersion = 10.0.40219.1
Project("{FAE04EC0-301F-11D3-BF4B-00C04F79EFBC}") = "fakeiteasydemo", "fakeiteasydemo\fakeiteasydemo.csproj", "{220C879D-9356-4840-9996-3C1D1FCBF935}"
EndProject
Project("{FAE04EC0-301F-11D3-BF4B-00C04F79EFBC}") = "fakeiteasydemotestcases", "fakeiteasydemotestcases\fakeiteasydemotestcases.csproj", "{CF465111-7E19-4B23-BA52-053B557EB9BB}"
EndProject
Global
	GlobalSection(SolutionConfigurationPlatforms) = preSolution
		Debug|Any CPU = Debug|Any CPU
		Release|Any CPU = Release|Any CPU
	EndGlobalSection
	GlobalSection(ProjectConfigurationPlatforms) = postSolution
		{220C879D-9356-4840-9996-3C1D1FCBF935}.Debug|Any CPU.ActiveCfg = Debug|Any CPU
		{220C879D-9356-4840-9996-3C1D1FCBF935}.Debug|Any CPU.Build.0 = Debug|Any CPU
		{220C879D-9356-4840-9996-3C1D1FCBF935}.Release|Any CPU.ActiveCfg = Release|Any CPU
		{220C879D-9356-4840-9996-3C1D1FCBF935}.Release|Any CPU.Build.0 = Release|Any CPU
		{CF465111-7E19-4B23-BA52-053B557EB9BB}.Debug|Any CPU.ActiveCfg = Debug|Any CPU
		{CF465111-7E19-4B23-BA52-053B557EB9BB}.Debug|Any CPU.Build.0 = Debug|Any CPU
		{CF465111-7E19-4B23-BA52-053B557EB9BB}.Release|Any CPU.ActiveCfg = Release|Any CPU
		{CF465111-7E19-4B23-BA52-053B557EB9BB}.Release|Any CPU.Build.0 = Release|Any CPU
	EndGlobalSection
	GlobalSection(SolutionProperties) = preSolution
		HideSolutionNode = FALSE
	EndGlobalSection
	GlobalSection(ExtensibilityGlobals) = postSolution
		SolutionGuid = {280D39A9-4B22-4807-9394-D00EA2D8921D}
	EndGlobalSection
EndGlobal
